
Microsoft Visual Studio Solution File, Format Version 12.00
# Visual Studio 14
VisualStudioVersion = 14.0.24720.0
MinimumVisualStudioVersion = 10.0.40219.1
Project("{FAE04EC0-301F-11D3-BF4B-00C04F79EFBC}") = "Teht1", "Teht1\Teht1.csproj", "{65EDB115-6712-456B-AB1B-AAF29A0CE2E4}"
EndProject
Project("{FAE04EC0-301F-11D3-BF4B-00C04F79EFBC}") = "Teht2", "Teht2\Teht2.csproj", "{6027345E-63D3-483B-8A0F-79EE2DF7C74C}"
EndProject
Project("{FAE04EC0-301F-11D3-BF4B-00C04F79EFBC}") = "Teht3", "Teht3\Teht3.csproj", "{08302F10-852D-4C96-93C5-0367CD276E8A}"
EndProject
Project("{FAE04EC0-301F-11D3-BF4B-00C04F79EFBC}") = "Teht4", "Teht4\Teht4.csproj", "{D37BA549-B62A-4C5F-96D3-023C58BC8B4E}"
EndProject
Project("{FAE04EC0-301F-11D3-BF4B-00C04F79EFBC}") = "Teht5", "Teht5\Teht5.csproj", "{AF1F174E-3B17-4CC5-A5B2-3D9BDCCF8C8E}"
EndProject
Global
	GlobalSection(SolutionConfigurationPlatforms) = preSolution
		Debug|Any CPU = Debug|Any CPU
		Release|Any CPU = Release|Any CPU
	EndGlobalSection
	GlobalSection(ProjectConfigurationPlatforms) = postSolution
		{65EDB115-6712-456B-AB1B-AAF29A0CE2E4}.Debug|Any CPU.ActiveCfg = Debug|Any CPU
		{65EDB115-6712-456B-AB1B-AAF29A0CE2E4}.Debug|Any CPU.Build.0 = Debug|Any CPU
		{65EDB115-6712-456B-AB1B-AAF29A0CE2E4}.Release|Any CPU.ActiveCfg = Release|Any CPU
		{65EDB115-6712-456B-AB1B-AAF29A0CE2E4}.Release|Any CPU.Build.0 = Release|Any CPU
		{6027345E-63D3-483B-8A0F-79EE2DF7C74C}.Debug|Any CPU.ActiveCfg = Debug|Any CPU
		{6027345E-63D3-483B-8A0F-79EE2DF7C74C}.Debug|Any CPU.Build.0 = Debug|Any CPU
		{6027345E-63D3-483B-8A0F-79EE2DF7C74C}.Release|Any CPU.ActiveCfg = Release|Any CPU
		{6027345E-63D3-483B-8A0F-79EE2DF7C74C}.Release|Any CPU.Build.0 = Release|Any CPU
		{08302F10-852D-4C96-93C5-0367CD276E8A}.Debug|Any CPU.ActiveCfg = Debug|Any CPU
		{08302F10-852D-4C96-93C5-0367CD276E8A}.Debug|Any CPU.Build.0 = Debug|Any CPU
		{08302F10-852D-4C96-93C5-0367CD276E8A}.Release|Any CPU.ActiveCfg = Release|Any CPU
		{08302F10-852D-4C96-93C5-0367CD276E8A}.Release|Any CPU.Build.0 = Release|Any CPU
		{D37BA549-B62A-4C5F-96D3-023C58BC8B4E}.Debug|Any CPU.ActiveCfg = Debug|Any CPU
		{D37BA549-B62A-4C5F-96D3-023C58BC8B4E}.Debug|Any CPU.Build.0 = Debug|Any CPU
		{D37BA549-B62A-4C5F-96D3-023C58BC8B4E}.Release|Any CPU.ActiveCfg = Release|Any CPU
		{D37BA549-B62A-4C5F-96D3-023C58BC8B4E}.Release|Any CPU.Build.0 = Release|Any CPU
		{AF1F174E-3B17-4CC5-A5B2-3D9BDCCF8C8E}.Debug|Any CPU.ActiveCfg = Debug|Any CPU
		{AF1F174E-3B17-4CC5-A5B2-3D9BDCCF8C8E}.Debug|Any CPU.Build.0 = Debug|Any CPU
		{AF1F174E-3B17-4CC5-A5B2-3D9BDCCF8C8E}.Release|Any CPU.ActiveCfg = Release|Any CPU
		{AF1F174E-3B17-4CC5-A5B2-3D9BDCCF8C8E}.Release|Any CPU.Build.0 = Release|Any CPU
	EndGlobalSection
	GlobalSection(SolutionProperties) = preSolution
		HideSolutionNode = FALSE
	EndGlobalSection
EndGlobal
