
Microsoft Visual Studio Solution File, Format Version 12.00
# Visual Studio 14
VisualStudioVersion = 14.0.24720.0
MinimumVisualStudioVersion = 10.0.40219.1
Project("{FAE04EC0-301F-11D3-BF4B-00C04F79EFBC}") = "CarApplication", "CarApplication\CarApplication.csproj", "{1916FC79-FAD1-4EAB-9451-C7DE5C0CAD67}"
EndProject
Project("{FAE04EC0-301F-11D3-BF4B-00C04F79EFBC}") = "T1", "T1\T1.csproj", "{F2B7F237-ECED-4B9B-98E0-C2CB1C9912B5}"
EndProject
Project("{FAE04EC0-301F-11D3-BF4B-00C04F79EFBC}") = "T4", "T4\T4.csproj", "{946DF11F-3763-452E-8376-1415C3E8215D}"
EndProject
Project("{FAE04EC0-301F-11D3-BF4B-00C04F79EFBC}") = "T5", "T5\T5.csproj", "{123F57B7-FD4C-4A27-A735-CEFEDE07FB91}"
EndProject
Project("{FAE04EC0-301F-11D3-BF4B-00C04F79EFBC}") = "T6", "T6\T6.csproj", "{B4EB2E9E-3DF2-4E84-92B8-4617FBA8BF40}"
EndProject
Project("{FAE04EC0-301F-11D3-BF4B-00C04F79EFBC}") = "Teht6", "Teht6\Teht6.csproj", "{4C3627C0-3056-4068-9C80-FC8721132802}"
EndProject
Global
	GlobalSection(SolutionConfigurationPlatforms) = preSolution
		Debug|Any CPU = Debug|Any CPU
		Release|Any CPU = Release|Any CPU
	EndGlobalSection
	GlobalSection(ProjectConfigurationPlatforms) = postSolution
		{1916FC79-FAD1-4EAB-9451-C7DE5C0CAD67}.Debug|Any CPU.ActiveCfg = Debug|Any CPU
		{1916FC79-FAD1-4EAB-9451-C7DE5C0CAD67}.Debug|Any CPU.Build.0 = Debug|Any CPU
		{1916FC79-FAD1-4EAB-9451-C7DE5C0CAD67}.Release|Any CPU.ActiveCfg = Release|Any CPU
		{1916FC79-FAD1-4EAB-9451-C7DE5C0CAD67}.Release|Any CPU.Build.0 = Release|Any CPU
		{F2B7F237-ECED-4B9B-98E0-C2CB1C9912B5}.Debug|Any CPU.ActiveCfg = Debug|Any CPU
		{F2B7F237-ECED-4B9B-98E0-C2CB1C9912B5}.Debug|Any CPU.Build.0 = Debug|Any CPU
		{F2B7F237-ECED-4B9B-98E0-C2CB1C9912B5}.Release|Any CPU.ActiveCfg = Release|Any CPU
		{F2B7F237-ECED-4B9B-98E0-C2CB1C9912B5}.Release|Any CPU.Build.0 = Release|Any CPU
		{946DF11F-3763-452E-8376-1415C3E8215D}.Debug|Any CPU.ActiveCfg = Debug|Any CPU
		{946DF11F-3763-452E-8376-1415C3E8215D}.Debug|Any CPU.Build.0 = Debug|Any CPU
		{946DF11F-3763-452E-8376-1415C3E8215D}.Release|Any CPU.ActiveCfg = Release|Any CPU
		{946DF11F-3763-452E-8376-1415C3E8215D}.Release|Any CPU.Build.0 = Release|Any CPU
		{123F57B7-FD4C-4A27-A735-CEFEDE07FB91}.Debug|Any CPU.ActiveCfg = Debug|Any CPU
		{123F57B7-FD4C-4A27-A735-CEFEDE07FB91}.Debug|Any CPU.Build.0 = Debug|Any CPU
		{123F57B7-FD4C-4A27-A735-CEFEDE07FB91}.Release|Any CPU.ActiveCfg = Release|Any CPU
		{123F57B7-FD4C-4A27-A735-CEFEDE07FB91}.Release|Any CPU.Build.0 = Release|Any CPU
		{B4EB2E9E-3DF2-4E84-92B8-4617FBA8BF40}.Debug|Any CPU.ActiveCfg = Debug|Any CPU
		{B4EB2E9E-3DF2-4E84-92B8-4617FBA8BF40}.Debug|Any CPU.Build.0 = Debug|Any CPU
		{B4EB2E9E-3DF2-4E84-92B8-4617FBA8BF40}.Release|Any CPU.ActiveCfg = Release|Any CPU
		{B4EB2E9E-3DF2-4E84-92B8-4617FBA8BF40}.Release|Any CPU.Build.0 = Release|Any CPU
		{4C3627C0-3056-4068-9C80-FC8721132802}.Debug|Any CPU.ActiveCfg = Debug|Any CPU
		{4C3627C0-3056-4068-9C80-FC8721132802}.Debug|Any CPU.Build.0 = Debug|Any CPU
		{4C3627C0-3056-4068-9C80-FC8721132802}.Release|Any CPU.ActiveCfg = Release|Any CPU
		{4C3627C0-3056-4068-9C80-FC8721132802}.Release|Any CPU.Build.0 = Release|Any CPU
	EndGlobalSection
	GlobalSection(SolutionProperties) = preSolution
		HideSolutionNode = FALSE
	EndGlobalSection
EndGlobal
